
Microsoft Visual Studio Solution File, Format Version 12.00
# Visual Studio Version 17
VisualStudioVersion = 17.0.31903.59
MinimumVisualStudioVersion = 10.0.40219.1
Project("{2150E333-8FDC-42A3-9474-1A3956D46DE8}") = "src", "src", "{892494C2-5CE4-475C-A634-D9A5D4B7B9EA}"
EndProject
Project("{2150E333-8FDC-42A3-9474-1A3956D46DE8}") = "Services", "Services", "{8DEA905A-372E-496A-8B96-C9C5D39E53B4}"
EndProject
Project("{FAE04EC0-301F-11D3-BF4B-00C04F79EFBC}") = "Catalog.API", "src\Services\Catalog.API\Catalog.API.csproj", "{CCC80AC6-748C-40FC-A377-AAC33F2B4EEB}"
EndProject
Project("{FAE04EC0-301F-11D3-BF4B-00C04F79EFBC}") = "Shared", "src\Shared\Shared.csproj", "{45FC83E5-B5DF-4A29-8B8C-62F8A32D44EF}"
EndProject
Project("{2150E333-8FDC-42A3-9474-1A3956D46DE8}") = "tests", "tests", "{0C39E468-0CDA-4692-A858-AA70C00506F8}"
EndProject
Project("{FAE04EC0-301F-11D3-BF4B-00C04F79EFBC}") = "Catalog.UnitTests", "tests\Catalog.UnitTests\Catalog.UnitTests.csproj", "{754BD30B-5CBF-4B5D-BED6-0B851B560C18}"
EndProject
Project("{2150E333-8FDC-42A3-9474-1A3956D46DE8}") = "Aspire", "Aspire", "{BF5F2AE9-C06B-4EFB-B643-6E1462EAF94F}"
EndProject
Project("{FAE04EC0-301F-11D3-BF4B-00C04F79EFBC}") = "Aspire.AppHost", "src\Aspire\Aspire.AppHost\Aspire.AppHost.csproj", "{E8DC1C71-C658-44E7-BA76-B8C5F878C912}"
EndProject
Project("{FAE04EC0-301F-11D3-BF4B-00C04F79EFBC}") = "Aspire.ServiceDefaults", "src\Aspire\Aspire.ServiceDefaults\Aspire.ServiceDefaults.csproj", "{458B2DAD-B80C-411A-A330-B3F01973AE09}"
EndProject
Project("{FAE04EC0-301F-11D3-BF4B-00C04F79EFBC}") = "Identity.API", "src\Services\Identity.API\Identity.API.csproj", "{ED4EA67C-BA3C-4F82-B81F-6C95BBDE415B}"
EndProject
Project("{2150E333-8FDC-42A3-9474-1A3956D46DE8}") = "Clients", "Clients", "{AB240B8F-A945-4358-B306-26797ADE2B8A}"
EndProject
Project("{FAE04EC0-301F-11D3-BF4B-00C04F79EFBC}") = "Web", "src\Clients\Web\Web.csproj", "{DEA53AB7-FBCA-46C9-90E1-B2F8B1C1631B}"
EndProject
Project("{FAE04EC0-301F-11D3-BF4B-00C04F79EFBC}") = "LoadBalancer", "src\Services\LoadBalancer\LoadBalancer.csproj", "{8BAFD77A-431B-40EF-8D04-CCDC173B00EB}"
EndProject
Project("{FAE04EC0-301F-11D3-BF4B-00C04F79EFBC}") = "Basket.API", "src\Services\Basket.API\Basket.API.csproj", "{5346E46D-DA85-4FEB-9825-DE15987B9A3D}"
EndProject
Global
	GlobalSection(SolutionConfigurationPlatforms) = preSolution
		Debug|Any CPU = Debug|Any CPU
		Release|Any CPU = Release|Any CPU
	EndGlobalSection
	GlobalSection(SolutionProperties) = preSolution
		HideSolutionNode = FALSE
	EndGlobalSection
	GlobalSection(ProjectConfigurationPlatforms) = postSolution
		{CCC80AC6-748C-40FC-A377-AAC33F2B4EEB}.Debug|Any CPU.ActiveCfg = Debug|Any CPU
		{CCC80AC6-748C-40FC-A377-AAC33F2B4EEB}.Debug|Any CPU.Build.0 = Debug|Any CPU
		{CCC80AC6-748C-40FC-A377-AAC33F2B4EEB}.Release|Any CPU.ActiveCfg = Release|Any CPU
		{CCC80AC6-748C-40FC-A377-AAC33F2B4EEB}.Release|Any CPU.Build.0 = Release|Any CPU
		{45FC83E5-B5DF-4A29-8B8C-62F8A32D44EF}.Debug|Any CPU.ActiveCfg = Debug|Any CPU
		{45FC83E5-B5DF-4A29-8B8C-62F8A32D44EF}.Debug|Any CPU.Build.0 = Debug|Any CPU
		{45FC83E5-B5DF-4A29-8B8C-62F8A32D44EF}.Release|Any CPU.ActiveCfg = Release|Any CPU
		{45FC83E5-B5DF-4A29-8B8C-62F8A32D44EF}.Release|Any CPU.Build.0 = Release|Any CPU
		{754BD30B-5CBF-4B5D-BED6-0B851B560C18}.Debug|Any CPU.ActiveCfg = Debug|Any CPU
		{754BD30B-5CBF-4B5D-BED6-0B851B560C18}.Debug|Any CPU.Build.0 = Debug|Any CPU
		{754BD30B-5CBF-4B5D-BED6-0B851B560C18}.Release|Any CPU.ActiveCfg = Release|Any CPU
		{754BD30B-5CBF-4B5D-BED6-0B851B560C18}.Release|Any CPU.Build.0 = Release|Any CPU
		{E8DC1C71-C658-44E7-BA76-B8C5F878C912}.Debug|Any CPU.ActiveCfg = Debug|Any CPU
		{E8DC1C71-C658-44E7-BA76-B8C5F878C912}.Debug|Any CPU.Build.0 = Debug|Any CPU
		{E8DC1C71-C658-44E7-BA76-B8C5F878C912}.Release|Any CPU.ActiveCfg = Release|Any CPU
		{E8DC1C71-C658-44E7-BA76-B8C5F878C912}.Release|Any CPU.Build.0 = Release|Any CPU
		{458B2DAD-B80C-411A-A330-B3F01973AE09}.Debug|Any CPU.ActiveCfg = Debug|Any CPU
		{458B2DAD-B80C-411A-A330-B3F01973AE09}.Debug|Any CPU.Build.0 = Debug|Any CPU
		{458B2DAD-B80C-411A-A330-B3F01973AE09}.Release|Any CPU.ActiveCfg = Release|Any CPU
		{458B2DAD-B80C-411A-A330-B3F01973AE09}.Release|Any CPU.Build.0 = Release|Any CPU
		{ED4EA67C-BA3C-4F82-B81F-6C95BBDE415B}.Debug|Any CPU.ActiveCfg = Debug|Any CPU
		{ED4EA67C-BA3C-4F82-B81F-6C95BBDE415B}.Debug|Any CPU.Build.0 = Debug|Any CPU
		{ED4EA67C-BA3C-4F82-B81F-6C95BBDE415B}.Release|Any CPU.ActiveCfg = Release|Any CPU
		{ED4EA67C-BA3C-4F82-B81F-6C95BBDE415B}.Release|Any CPU.Build.0 = Release|Any CPU
		{DEA53AB7-FBCA-46C9-90E1-B2F8B1C1631B}.Debug|Any CPU.ActiveCfg = Debug|Any CPU
		{DEA53AB7-FBCA-46C9-90E1-B2F8B1C1631B}.Debug|Any CPU.Build.0 = Debug|Any CPU
		{DEA53AB7-FBCA-46C9-90E1-B2F8B1C1631B}.Release|Any CPU.ActiveCfg = Release|Any CPU
		{DEA53AB7-FBCA-46C9-90E1-B2F8B1C1631B}.Release|Any CPU.Build.0 = Release|Any CPU
		{8BAFD77A-431B-40EF-8D04-CCDC173B00EB}.Debug|Any CPU.ActiveCfg = Debug|Any CPU
		{8BAFD77A-431B-40EF-8D04-CCDC173B00EB}.Debug|Any CPU.Build.0 = Debug|Any CPU
		{8BAFD77A-431B-40EF-8D04-CCDC173B00EB}.Release|Any CPU.ActiveCfg = Release|Any CPU
		{8BAFD77A-431B-40EF-8D04-CCDC173B00EB}.Release|Any CPU.Build.0 = Release|Any CPU
		{5346E46D-DA85-4FEB-9825-DE15987B9A3D}.Debug|Any CPU.ActiveCfg = Debug|Any CPU
		{5346E46D-DA85-4FEB-9825-DE15987B9A3D}.Debug|Any CPU.Build.0 = Debug|Any CPU
		{5346E46D-DA85-4FEB-9825-DE15987B9A3D}.Release|Any CPU.ActiveCfg = Release|Any CPU
		{5346E46D-DA85-4FEB-9825-DE15987B9A3D}.Release|Any CPU.Build.0 = Release|Any CPU
	EndGlobalSection
	GlobalSection(NestedProjects) = preSolution
		{8DEA905A-372E-496A-8B96-C9C5D39E53B4} = {892494C2-5CE4-475C-A634-D9A5D4B7B9EA}
		{CCC80AC6-748C-40FC-A377-AAC33F2B4EEB} = {8DEA905A-372E-496A-8B96-C9C5D39E53B4}
		{45FC83E5-B5DF-4A29-8B8C-62F8A32D44EF} = {892494C2-5CE4-475C-A634-D9A5D4B7B9EA}
		{754BD30B-5CBF-4B5D-BED6-0B851B560C18} = {0C39E468-0CDA-4692-A858-AA70C00506F8}
		{BF5F2AE9-C06B-4EFB-B643-6E1462EAF94F} = {892494C2-5CE4-475C-A634-D9A5D4B7B9EA}
		{E8DC1C71-C658-44E7-BA76-B8C5F878C912} = {BF5F2AE9-C06B-4EFB-B643-6E1462EAF94F}
		{458B2DAD-B80C-411A-A330-B3F01973AE09} = {BF5F2AE9-C06B-4EFB-B643-6E1462EAF94F}
		{ED4EA67C-BA3C-4F82-B81F-6C95BBDE415B} = {8DEA905A-372E-496A-8B96-C9C5D39E53B4}
		{AB240B8F-A945-4358-B306-26797ADE2B8A} = {892494C2-5CE4-475C-A634-D9A5D4B7B9EA}
		{DEA53AB7-FBCA-46C9-90E1-B2F8B1C1631B} = {AB240B8F-A945-4358-B306-26797ADE2B8A}
		{8BAFD77A-431B-40EF-8D04-CCDC173B00EB} = {8DEA905A-372E-496A-8B96-C9C5D39E53B4}
		{5346E46D-DA85-4FEB-9825-DE15987B9A3D} = {8DEA905A-372E-496A-8B96-C9C5D39E53B4}
	EndGlobalSection
EndGlobal
